
Microsoft Visual Studio Solution File, Format Version 12.00
# Visual Studio Version 17
VisualStudioVersion = 17.3.32819.101
MinimumVisualStudioVersion = 10.0.40219.1
Project("{FAE04EC0-301F-11D3-BF4B-00C04F79EFBC}") = "NguyenTranHoa_2011065161_ECF", "NguyenTranHoa_2011065161_ECF\NguyenTranHoa_2011065161_ECF.csproj", "{52ABF550-B8BC-4EF0-B674-150663458099}"
EndProject
Global
	GlobalSection(SolutionConfigurationPlatforms) = preSolution
		Debug|Any CPU = Debug|Any CPU
		Release|Any CPU = Release|Any CPU
	EndGlobalSection
	GlobalSection(ProjectConfigurationPlatforms) = postSolution
		{52ABF550-B8BC-4EF0-B674-150663458099}.Debug|Any CPU.ActiveCfg = Debug|Any CPU
		{52ABF550-B8BC-4EF0-B674-150663458099}.Debug|Any CPU.Build.0 = Debug|Any CPU
		{52ABF550-B8BC-4EF0-B674-150663458099}.Release|Any CPU.ActiveCfg = Release|Any CPU
		{52ABF550-B8BC-4EF0-B674-150663458099}.Release|Any CPU.Build.0 = Release|Any CPU
	EndGlobalSection
	GlobalSection(SolutionProperties) = preSolution
		HideSolutionNode = FALSE
	EndGlobalSection
	GlobalSection(ExtensibilityGlobals) = postSolution
		SolutionGuid = {1EBC7273-6109-4176-ACC6-460145847C05}
	EndGlobalSection
EndGlobal
